
Microsoft Visual Studio Solution File, Format Version 12.00
# Visual Studio Version 17
VisualStudioVersion = 17.4.33205.214
MinimumVisualStudioVersion = 10.0.40219.1
Project("{FAE04EC0-301F-11D3-BF4B-00C04F79EFBC}") = "MonCv", "MonCv\MonCv.csproj", "{A44274E5-B76D-4F3E-A328-C2A2CB79ACBC}"
EndProject
Global
	GlobalSection(SolutionConfigurationPlatforms) = preSolution
		Debug|Any CPU = Debug|Any CPU
		Release|Any CPU = Release|Any CPU
	EndGlobalSection
	GlobalSection(ProjectConfigurationPlatforms) = postSolution
		{A44274E5-B76D-4F3E-A328-C2A2CB79ACBC}.Debug|Any CPU.ActiveCfg = Debug|Any CPU
		{A44274E5-B76D-4F3E-A328-C2A2CB79ACBC}.Debug|Any CPU.Build.0 = Debug|Any CPU
		{A44274E5-B76D-4F3E-A328-C2A2CB79ACBC}.Release|Any CPU.ActiveCfg = Release|Any CPU
		{A44274E5-B76D-4F3E-A328-C2A2CB79ACBC}.Release|Any CPU.Build.0 = Release|Any CPU
	EndGlobalSection
	GlobalSection(SolutionProperties) = preSolution
		HideSolutionNode = FALSE
	EndGlobalSection
	GlobalSection(ExtensibilityGlobals) = postSolution
		SolutionGuid = {D2386B6D-52D1-46C5-BDA6-F85981428E1B}
	EndGlobalSection
EndGlobal
